
Microsoft Visual Studio Solution File, Format Version 12.00
# Visual Studio Version 17
VisualStudioVersion = 17.14.36414.22 d17.14
MinimumVisualStudioVersion = 10.0.40219.1
Project("{FAE04EC0-301F-11D3-BF4B-00C04F79EFBC}") = "ConsoleApp1", "ConsoleApp1\ConsoleApp1.csproj", "{47B3AE83-A851-4443-BE2F-1E2975A057F2}"
EndProject
Global
	GlobalSection(SolutionConfigurationPlatforms) = preSolution
		Debug|Any CPU = Debug|Any CPU
		Release|Any CPU = Release|Any CPU
	EndGlobalSection
	GlobalSection(ProjectConfigurationPlatforms) = postSolution
		{47B3AE83-A851-4443-BE2F-1E2975A057F2}.Debug|Any CPU.ActiveCfg = Debug|Any CPU
		{47B3AE83-A851-4443-BE2F-1E2975A057F2}.Debug|Any CPU.Build.0 = Debug|Any CPU
		{47B3AE83-A851-4443-BE2F-1E2975A057F2}.Release|Any CPU.ActiveCfg = Release|Any CPU
		{47B3AE83-A851-4443-BE2F-1E2975A057F2}.Release|Any CPU.Build.0 = Release|Any CPU
	EndGlobalSection
	GlobalSection(SolutionProperties) = preSolution
		HideSolutionNode = FALSE
	EndGlobalSection
	GlobalSection(ExtensibilityGlobals) = postSolution
		SolutionGuid = {573FD9FD-679D-4619-B658-7AA06994FFA9}
	EndGlobalSection
EndGlobal
